// !$*UTF8*$!
{
	archiveVersion = 1;
	classes = {
	};
	objectVersion = 56;
	objects = {

/* Begin PBXBuildFile section */
		2A11C3EE2A8F8E41001431CC /* UpcomingTrip.swift in Sources */ = {isa = PBXBuildFile; fileRef = 2A11C3ED2A8F8E41001431CC /* UpcomingTrip.swift */; };
		2A11C3F02A8F99BD001431CC /* README.md in Resources */ = {isa = PBXBuildFile; fileRef = 2A11C3EF2A8F99BD001431CC /* README.md */; };
		2A1A4C0B2A8D2E6E00B3286F /* TripView.swift in Sources */ = {isa = PBXBuildFile; fileRef = 2A1A4C0A2A8D2E6E00B3286F /* TripView.swift */; };
		2A1A4C0D2A8D495F00B3286F /* LanguageOptions.swift in Sources */ = {isa = PBXBuildFile; fileRef = 2A1A4C0C2A8D495F00B3286F /* LanguageOptions.swift */; };
		2A35949C2A8BEFE500A45BD8 /* TogTjekApp.swift in Sources */ = {isa = PBXBuildFile; fileRef = 2A35949B2A8BEFE500A45BD8 /* TogTjekApp.swift */; };
		2A35949E2A8BEFE500A45BD8 /* ContentView.swift in Sources */ = {isa = PBXBuildFile; fileRef = 2A35949D2A8BEFE500A45BD8 /* ContentView.swift */; };
		2A3594A02A8BEFE700A45BD8 /* Assets.xcassets in Resources */ = {isa = PBXBuildFile; fileRef = 2A35949F2A8BEFE700A45BD8 /* Assets.xcassets */; };
		2A3594A32A8BEFE700A45BD8 /* Preview Assets.xcassets in Resources */ = {isa = PBXBuildFile; fileRef = 2A3594A22A8BEFE700A45BD8 /* Preview Assets.xcassets */; };
		2A3594AD2A8BEFE800A45BD8 /* TogTjekTests.swift in Sources */ = {isa = PBXBuildFile; fileRef = 2A3594AC2A8BEFE800A45BD8 /* TogTjekTests.swift */; };
		2A3594B72A8BEFE800A45BD8 /* TogTjekUITests.swift in Sources */ = {isa = PBXBuildFile; fileRef = 2A3594B62A8BEFE800A45BD8 /* TogTjekUITests.swift */; };
		2A3594B92A8BEFE800A45BD8 /* TogTjekUITestsLaunchTests.swift in Sources */ = {isa = PBXBuildFile; fileRef = 2A3594B82A8BEFE800A45BD8 /* TogTjekUITestsLaunchTests.swift */; };
		2A3594C82A8BF42500A45BD8 /* Trip.swift in Sources */ = {isa = PBXBuildFile; fileRef = 2A3594C72A8BF42500A45BD8 /* Trip.swift */; };
		2A3594CA2A8BF48D00A45BD8 /* Station.swift in Sources */ = {isa = PBXBuildFile; fileRef = 2A3594C92A8BF48D00A45BD8 /* Station.swift */; };
		2A3594CD2A8BF5B800A45BD8 /* TripNode.swift in Sources */ = {isa = PBXBuildFile; fileRef = 2A3594CC2A8BF5B800A45BD8 /* TripNode.swift */; };
		2A3594CF2A8BF68F00A45BD8 /* Train.swift in Sources */ = {isa = PBXBuildFile; fileRef = 2A3594CE2A8BF68F00A45BD8 /* Train.swift */; };
		2A3594D42A8C026500A45BD8 /* Testington.swift in Sources */ = {isa = PBXBuildFile; fileRef = 2A3594D32A8C026500A45BD8 /* Testington.swift */; };
		2A3594D62A8C049B00A45BD8 /* Localizable.xcstrings in Resources */ = {isa = PBXBuildFile; fileRef = 2A3594D52A8C049B00A45BD8 /* Localizable.xcstrings */; };
		2A3594D82A8C05F900A45BD8 /* Settings.swift in Sources */ = {isa = PBXBuildFile; fileRef = 2A3594D72A8C05F900A45BD8 /* Settings.swift */; };
		2A3594DC2A8C0F7000A45BD8 /* Trips.swift in Sources */ = {isa = PBXBuildFile; fileRef = 2A3594DB2A8C0F7000A45BD8 /* Trips.swift */; };
		2A3594E02A8C123700A45BD8 /* IdentifiableString.swift in Sources */ = {isa = PBXBuildFile; fileRef = 2A3594DF2A8C123700A45BD8 /* IdentifiableString.swift */; };
		2A8A631A2A8E7ADA008BD179 /* TripDetail.swift in Sources */ = {isa = PBXBuildFile; fileRef = 2A8A63192A8E7ADA008BD179 /* TripDetail.swift */; };
		2A8A631D2A8E7BDF008BD179 /* SampleData.swift in Sources */ = {isa = PBXBuildFile; fileRef = 2A8A631C2A8E7BDF008BD179 /* SampleData.swift */; };
		2A8A631F2A8E7CC4008BD179 /* ProminentTripView.swift in Sources */ = {isa = PBXBuildFile; fileRef = 2A8A631E2A8E7CC4008BD179 /* ProminentTripView.swift */; };
/* End PBXBuildFile section */

/* Begin PBXContainerItemProxy section */
		2A3594A92A8BEFE800A45BD8 /* PBXContainerItemProxy */ = {
			isa = PBXContainerItemProxy;
			containerPortal = 2A3594902A8BEFE500A45BD8 /* Project object */;
			proxyType = 1;
			remoteGlobalIDString = 2A3594972A8BEFE500A45BD8;
			remoteInfo = TogTjek;
		};
		2A3594B32A8BEFE800A45BD8 /* PBXContainerItemProxy */ = {
			isa = PBXContainerItemProxy;
			containerPortal = 2A3594902A8BEFE500A45BD8 /* Project object */;
			proxyType = 1;
			remoteGlobalIDString = 2A3594972A8BEFE500A45BD8;
			remoteInfo = TogTjek;
		};
/* End PBXContainerItemProxy section */

/* Begin PBXFileReference section */
		2A11C3ED2A8F8E41001431CC /* UpcomingTrip.swift */ = {isa = PBXFileReference; lastKnownFileType = sourcecode.swift; path = UpcomingTrip.swift; sourceTree = "<group>"; };
		2A11C3EF2A8F99BD001431CC /* README.md */ = {isa = PBXFileReference; lastKnownFileType = net.daringfireball.markdown; path = README.md; sourceTree = "<group>"; };
		2A11C3FA2A8F9EAC001431CC /* settings.gif */ = {isa = PBXFileReference; lastKnownFileType = image.gif; name = settings.gif; path = ../../../../../../var/folders/lb/hn_9st694xn46r6_8mzncpr40000gn/T/com.sindresorhus.Gifski/TemporaryItems/NSIRD_Gifski_lZy2pe/settings.gif; sourceTree = "<group>"; };
		2A11C3FB2A8F9EB2001431CC /* trips.gif */ = {isa = PBXFileReference; lastKnownFileType = image.gif; path = trips.gif; sourceTree = "<group>"; };
		2A1A4C0A2A8D2E6E00B3286F /* TripView.swift */ = {isa = PBXFileReference; lastKnownFileType = sourcecode.swift; path = TripView.swift; sourceTree = "<group>"; };
		2A1A4C0C2A8D495F00B3286F /* LanguageOptions.swift */ = {isa = PBXFileReference; lastKnownFileType = sourcecode.swift; path = LanguageOptions.swift; sourceTree = "<group>"; };
		2A3594982A8BEFE500A45BD8 /* TogTjek.app */ = {isa = PBXFileReference; explicitFileType = wrapper.application; includeInIndex = 0; path = TogTjek.app; sourceTree = BUILT_PRODUCTS_DIR; };
		2A35949B2A8BEFE500A45BD8 /* TogTjekApp.swift */ = {isa = PBXFileReference; lastKnownFileType = sourcecode.swift; path = TogTjekApp.swift; sourceTree = "<group>"; };
		2A35949D2A8BEFE500A45BD8 /* ContentView.swift */ = {isa = PBXFileReference; lastKnownFileType = sourcecode.swift; path = ContentView.swift; sourceTree = "<group>"; };
		2A35949F2A8BEFE700A45BD8 /* Assets.xcassets */ = {isa = PBXFileReference; lastKnownFileType = folder.assetcatalog; path = Assets.xcassets; sourceTree = "<group>"; };
		2A3594A22A8BEFE700A45BD8 /* Preview Assets.xcassets */ = {isa = PBXFileReference; lastKnownFileType = folder.assetcatalog; path = "Preview Assets.xcassets"; sourceTree = "<group>"; };
		2A3594A82A8BEFE800A45BD8 /* TogTjekTests.xctest */ = {isa = PBXFileReference; explicitFileType = wrapper.cfbundle; includeInIndex = 0; path = TogTjekTests.xctest; sourceTree = BUILT_PRODUCTS_DIR; };
		2A3594AC2A8BEFE800A45BD8 /* TogTjekTests.swift */ = {isa = PBXFileReference; lastKnownFileType = sourcecode.swift; path = TogTjekTests.swift; sourceTree = "<group>"; };
		2A3594B22A8BEFE800A45BD8 /* TogTjekUITests.xctest */ = {isa = PBXFileReference; explicitFileType = wrapper.cfbundle; includeInIndex = 0; path = TogTjekUITests.xctest; sourceTree = BUILT_PRODUCTS_DIR; };
		2A3594B62A8BEFE800A45BD8 /* TogTjekUITests.swift */ = {isa = PBXFileReference; lastKnownFileType = sourcecode.swift; path = TogTjekUITests.swift; sourceTree = "<group>"; };
		2A3594B82A8BEFE800A45BD8 /* TogTjekUITestsLaunchTests.swift */ = {isa = PBXFileReference; lastKnownFileType = sourcecode.swift; path = TogTjekUITestsLaunchTests.swift; sourceTree = "<group>"; };
		2A3594C72A8BF42500A45BD8 /* Trip.swift */ = {isa = PBXFileReference; lastKnownFileType = sourcecode.swift; path = Trip.swift; sourceTree = "<group>"; };
		2A3594C92A8BF48D00A45BD8 /* Station.swift */ = {isa = PBXFileReference; lastKnownFileType = sourcecode.swift; path = Station.swift; sourceTree = "<group>"; };
		2A3594CC2A8BF5B800A45BD8 /* TripNode.swift */ = {isa = PBXFileReference; lastKnownFileType = sourcecode.swift; path = TripNode.swift; sourceTree = "<group>"; };
		2A3594CE2A8BF68F00A45BD8 /* Train.swift */ = {isa = PBXFileReference; lastKnownFileType = sourcecode.swift; path = Train.swift; sourceTree = "<group>"; };
		2A3594D32A8C026500A45BD8 /* Testington.swift */ = {isa = PBXFileReference; lastKnownFileType = sourcecode.swift; path = Testington.swift; sourceTree = "<group>"; };
		2A3594D52A8C049B00A45BD8 /* Localizable.xcstrings */ = {isa = PBXFileReference; lastKnownFileType = text.json.xcstrings; path = Localizable.xcstrings; sourceTree = "<group>"; };
		2A3594D72A8C05F900A45BD8 /* Settings.swift */ = {isa = PBXFileReference; lastKnownFileType = sourcecode.swift; path = Settings.swift; sourceTree = "<group>"; };
		2A3594D92A8C0C3B00A45BD8 /* debug.xcconfig */ = {isa = PBXFileReference; lastKnownFileType = text.xcconfig; path = debug.xcconfig; sourceTree = "<group>"; };
		2A3594DA2A8C0D8E00A45BD8 /* Info.plist */ = {isa = PBXFileReference; lastKnownFileType = text.plist; path = Info.plist; sourceTree = "<group>"; };
		2A3594DB2A8C0F7000A45BD8 /* Trips.swift */ = {isa = PBXFileReference; lastKnownFileType = sourcecode.swift; path = Trips.swift; sourceTree = "<group>"; };
		2A3594DF2A8C123700A45BD8 /* IdentifiableString.swift */ = {isa = PBXFileReference; lastKnownFileType = sourcecode.swift; path = IdentifiableString.swift; sourceTree = "<group>"; };
		2A8A63192A8E7ADA008BD179 /* TripDetail.swift */ = {isa = PBXFileReference; lastKnownFileType = sourcecode.swift; path = TripDetail.swift; sourceTree = "<group>"; };
		2A8A631C2A8E7BDF008BD179 /* SampleData.swift */ = {isa = PBXFileReference; lastKnownFileType = sourcecode.swift; path = SampleData.swift; sourceTree = "<group>"; };
		2A8A631E2A8E7CC4008BD179 /* ProminentTripView.swift */ = {isa = PBXFileReference; lastKnownFileType = sourcecode.swift; path = ProminentTripView.swift; sourceTree = "<group>"; };
/* End PBXFileReference section */

/* Begin PBXFrameworksBuildPhase section */
		2A3594952A8BEFE500A45BD8 /* Frameworks */ = {
			isa = PBXFrameworksBuildPhase;
			buildActionMask = 2147483647;
			files = (
			);
			runOnlyForDeploymentPostprocessing = 0;
		};
		2A3594A52A8BEFE800A45BD8 /* Frameworks */ = {
			isa = PBXFrameworksBuildPhase;
			buildActionMask = 2147483647;
			files = (
			);
			runOnlyForDeploymentPostprocessing = 0;
		};
		2A3594AF2A8BEFE800A45BD8 /* Frameworks */ = {
			isa = PBXFrameworksBuildPhase;
			buildActionMask = 2147483647;
			files = (
			);
			runOnlyForDeploymentPostprocessing = 0;
		};
/* End PBXFrameworksBuildPhase section */

/* Begin PBXGroup section */
		2A11C3F82A8F9EA4001431CC /* img */ = {
			isa = PBXGroup;
			children = (
				2A11C3FA2A8F9EAC001431CC /* settings.gif */,
				2A11C3FB2A8F9EB2001431CC /* trips.gif */,
			);
			path = img;
			sourceTree = "<group>";
		};
		2A35948F2A8BEFE500A45BD8 = {
			isa = PBXGroup;
			children = (
				2A11C3F82A8F9EA4001431CC /* img */,
				2A11C3EF2A8F99BD001431CC /* README.md */,
				2A35949A2A8BEFE500A45BD8 /* TogTjek */,
				2A3594AB2A8BEFE800A45BD8 /* TogTjekTests */,
				2A3594B52A8BEFE800A45BD8 /* TogTjekUITests */,
				2A3594992A8BEFE500A45BD8 /* Products */,
			);
			sourceTree = "<group>";
		};
		2A3594992A8BEFE500A45BD8 /* Products */ = {
			isa = PBXGroup;
			children = (
				2A3594982A8BEFE500A45BD8 /* TogTjek.app */,
				2A3594A82A8BEFE800A45BD8 /* TogTjekTests.xctest */,
				2A3594B22A8BEFE800A45BD8 /* TogTjekUITests.xctest */,
			);
			name = Products;
			sourceTree = "<group>";
		};
		2A35949A2A8BEFE500A45BD8 /* TogTjek */ = {
			isa = PBXGroup;
			children = (
				2A3594DA2A8C0D8E00A45BD8 /* Info.plist */,
				2A3594C62A8BF3FF00A45BD8 /* View */,
				2A3594C52A8BF3F400A45BD8 /* Model */,
				2A35949B2A8BEFE500A45BD8 /* TogTjekApp.swift */,
				2A35949D2A8BEFE500A45BD8 /* ContentView.swift */,
				2A35949F2A8BEFE700A45BD8 /* Assets.xcassets */,
				2A3594A12A8BEFE700A45BD8 /* Preview Content */,
				2A3594D52A8C049B00A45BD8 /* Localizable.xcstrings */,
				2A3594D92A8C0C3B00A45BD8 /* debug.xcconfig */,
			);
			path = TogTjek;
			sourceTree = "<group>";
		};
		2A3594A12A8BEFE700A45BD8 /* Preview Content */ = {
			isa = PBXGroup;
			children = (
				2A3594A22A8BEFE700A45BD8 /* Preview Assets.xcassets */,
			);
			path = "Preview Content";
			sourceTree = "<group>";
		};
		2A3594AB2A8BEFE800A45BD8 /* TogTjekTests */ = {
			isa = PBXGroup;
			children = (
				2A3594AC2A8BEFE800A45BD8 /* TogTjekTests.swift */,
			);
			path = TogTjekTests;
			sourceTree = "<group>";
		};
		2A3594B52A8BEFE800A45BD8 /* TogTjekUITests */ = {
			isa = PBXGroup;
			children = (
				2A3594B62A8BEFE800A45BD8 /* TogTjekUITests.swift */,
				2A3594B82A8BEFE800A45BD8 /* TogTjekUITestsLaunchTests.swift */,
			);
			path = TogTjekUITests;
			sourceTree = "<group>";
		};
		2A3594C52A8BF3F400A45BD8 /* Model */ = {
			isa = PBXGroup;
			children = (
				2A8A631B2A8E7BD1008BD179 /* SampleData */,
				2A3594CB2A8BF59200A45BD8 /* Trip */,
				2A3594C92A8BF48D00A45BD8 /* Station.swift */,
				2A3594CE2A8BF68F00A45BD8 /* Train.swift */,
				2A3594DF2A8C123700A45BD8 /* IdentifiableString.swift */,
			);
			path = Model;
			sourceTree = "<group>";
		};
		2A3594C62A8BF3FF00A45BD8 /* View */ = {
			isa = PBXGroup;
			children = (
				2A8A63182A8E7A8F008BD179 /* Trips */,
				2A8A63172A8E7A7B008BD179 /* Settings */,
				2A3594D32A8C026500A45BD8 /* Testington.swift */,
			);
			path = View;
			sourceTree = "<group>";
		};
		2A3594CB2A8BF59200A45BD8 /* Trip */ = {
			isa = PBXGroup;
			children = (
				2A3594C72A8BF42500A45BD8 /* Trip.swift */,
				2A3594CC2A8BF5B800A45BD8 /* TripNode.swift */,
			);
			path = Trip;
			sourceTree = "<group>";
		};
		2A8A63172A8E7A7B008BD179 /* Settings */ = {
			isa = PBXGroup;
			children = (
				2A3594D72A8C05F900A45BD8 /* Settings.swift */,
				2A1A4C0C2A8D495F00B3286F /* LanguageOptions.swift */,
			);
			path = Settings;
			sourceTree = "<group>";
		};
		2A8A63182A8E7A8F008BD179 /* Trips */ = {
			isa = PBXGroup;
			children = (
				2A3594DB2A8C0F7000A45BD8 /* Trips.swift */,
				2A1A4C0A2A8D2E6E00B3286F /* TripView.swift */,
				2A8A63192A8E7ADA008BD179 /* TripDetail.swift */,
				2A8A631E2A8E7CC4008BD179 /* ProminentTripView.swift */,
				2A11C3ED2A8F8E41001431CC /* UpcomingTrip.swift */,
			);
			path = Trips;
			sourceTree = "<group>";
		};
		2A8A631B2A8E7BD1008BD179 /* SampleData */ = {
			isa = PBXGroup;
			children = (
				2A8A631C2A8E7BDF008BD179 /* SampleData.swift */,
			);
			path = SampleData;
			sourceTree = "<group>";
		};
/* End PBXGroup section */

/* Begin PBXNativeTarget section */
		2A3594972A8BEFE500A45BD8 /* TogTjek */ = {
			isa = PBXNativeTarget;
			buildConfigurationList = 2A3594BC2A8BEFE800A45BD8 /* Build configuration list for PBXNativeTarget "TogTjek" */;
			buildPhases = (
				2A3594942A8BEFE500A45BD8 /* Sources */,
				2A3594952A8BEFE500A45BD8 /* Frameworks */,
				2A3594962A8BEFE500A45BD8 /* Resources */,
			);
			buildRules = (
			);
			dependencies = (
			);
			name = TogTjek;
			productName = TogTjek;
			productReference = 2A3594982A8BEFE500A45BD8 /* TogTjek.app */;
			productType = "com.apple.product-type.application";
		};
		2A3594A72A8BEFE800A45BD8 /* TogTjekTests */ = {
			isa = PBXNativeTarget;
			buildConfigurationList = 2A3594BF2A8BEFE800A45BD8 /* Build configuration list for PBXNativeTarget "TogTjekTests" */;
			buildPhases = (
				2A3594A42A8BEFE800A45BD8 /* Sources */,
				2A3594A52A8BEFE800A45BD8 /* Frameworks */,
				2A3594A62A8BEFE800A45BD8 /* Resources */,
			);
			buildRules = (
			);
			dependencies = (
				2A3594AA2A8BEFE800A45BD8 /* PBXTargetDependency */,
			);
			name = TogTjekTests;
			productName = TogTjekTests;
			productReference = 2A3594A82A8BEFE800A45BD8 /* TogTjekTests.xctest */;
			productType = "com.apple.product-type.bundle.unit-test";
		};
		2A3594B12A8BEFE800A45BD8 /* TogTjekUITests */ = {
			isa = PBXNativeTarget;
			buildConfigurationList = 2A3594C22A8BEFE800A45BD8 /* Build configuration list for PBXNativeTarget "TogTjekUITests" */;
			buildPhases = (
				2A3594AE2A8BEFE800A45BD8 /* Sources */,
				2A3594AF2A8BEFE800A45BD8 /* Frameworks */,
				2A3594B02A8BEFE800A45BD8 /* Resources */,
			);
			buildRules = (
			);
			dependencies = (
				2A3594B42A8BEFE800A45BD8 /* PBXTargetDependency */,
			);
			name = TogTjekUITests;
			productName = TogTjekUITests;
			productReference = 2A3594B22A8BEFE800A45BD8 /* TogTjekUITests.xctest */;
			productType = "com.apple.product-type.bundle.ui-testing";
		};
/* End PBXNativeTarget section */

/* Begin PBXProject section */
		2A3594902A8BEFE500A45BD8 /* Project object */ = {
			isa = PBXProject;
			attributes = {
				BuildIndependentTargetsInParallel = 1;
				LastSwiftUpdateCheck = 1500;
				LastUpgradeCheck = 1500;
				TargetAttributes = {
					2A3594972A8BEFE500A45BD8 = {
						CreatedOnToolsVersion = 15.0;
					};
					2A3594A72A8BEFE800A45BD8 = {
						CreatedOnToolsVersion = 15.0;
						TestTargetID = 2A3594972A8BEFE500A45BD8;
					};
					2A3594B12A8BEFE800A45BD8 = {
						CreatedOnToolsVersion = 15.0;
						TestTargetID = 2A3594972A8BEFE500A45BD8;
					};
				};
			};
			buildConfigurationList = 2A3594932A8BEFE500A45BD8 /* Build configuration list for PBXProject "TogTjek" */;
			compatibilityVersion = "Xcode 14.0";
			developmentRegion = en;
			hasScannedForEncodings = 0;
			knownRegions = (
				en,
				Base,
				da,
			);
			mainGroup = 2A35948F2A8BEFE500A45BD8;
			productRefGroup = 2A3594992A8BEFE500A45BD8 /* Products */;
			projectDirPath = "";
			projectRoot = "";
			targets = (
				2A3594972A8BEFE500A45BD8 /* TogTjek */,
				2A3594A72A8BEFE800A45BD8 /* TogTjekTests */,
				2A3594B12A8BEFE800A45BD8 /* TogTjekUITests */,
			);
		};
/* End PBXProject section */

/* Begin PBXResourcesBuildPhase section */
		2A3594962A8BEFE500A45BD8 /* Resources */ = {
			isa = PBXResourcesBuildPhase;
			buildActionMask = 2147483647;
			files = (
				2A3594A32A8BEFE700A45BD8 /* Preview Assets.xcassets in Resources */,
				2A3594A02A8BEFE700A45BD8 /* Assets.xcassets in Resources */,
				2A11C3F02A8F99BD001431CC /* README.md in Resources */,
				2A3594D62A8C049B00A45BD8 /* Localizable.xcstrings in Resources */,
			);
			runOnlyForDeploymentPostprocessing = 0;
		};
		2A3594A62A8BEFE800A45BD8 /* Resources */ = {
			isa = PBXResourcesBuildPhase;
			buildActionMask = 2147483647;
			files = (
			);
			runOnlyForDeploymentPostprocessing = 0;
		};
		2A3594B02A8BEFE800A45BD8 /* Resources */ = {
			isa = PBXResourcesBuildPhase;
			buildActionMask = 2147483647;
			files = (
			);
			runOnlyForDeploymentPostprocessing = 0;
		};
/* End PBXResourcesBuildPhase section */

/* Begin PBXSourcesBuildPhase section */
		2A3594942A8BEFE500A45BD8 /* Sources */ = {
			isa = PBXSourcesBuildPhase;
			buildActionMask = 2147483647;
			files = (
				2A3594C82A8BF42500A45BD8 /* Trip.swift in Sources */,
				2A8A631D2A8E7BDF008BD179 /* SampleData.swift in Sources */,
				2A3594D42A8C026500A45BD8 /* Testington.swift in Sources */,
				2A3594D82A8C05F900A45BD8 /* Settings.swift in Sources */,
				2A3594CD2A8BF5B800A45BD8 /* TripNode.swift in Sources */,
				2A8A631F2A8E7CC4008BD179 /* ProminentTripView.swift in Sources */,
				2A35949E2A8BEFE500A45BD8 /* ContentView.swift in Sources */,
				2A3594DC2A8C0F7000A45BD8 /* Trips.swift in Sources */,
				2A3594E02A8C123700A45BD8 /* IdentifiableString.swift in Sources */,
				2A1A4C0B2A8D2E6E00B3286F /* TripView.swift in Sources */,
				2A1A4C0D2A8D495F00B3286F /* LanguageOptions.swift in Sources */,
				2A8A631A2A8E7ADA008BD179 /* TripDetail.swift in Sources */,
				2A35949C2A8BEFE500A45BD8 /* TogTjekApp.swift in Sources */,
				2A3594CF2A8BF68F00A45BD8 /* Train.swift in Sources */,
				2A11C3EE2A8F8E41001431CC /* UpcomingTrip.swift in Sources */,
				2A3594CA2A8BF48D00A45BD8 /* Station.swift in Sources */,
			);
			runOnlyForDeploymentPostprocessing = 0;
		};
		2A3594A42A8BEFE800A45BD8 /* Sources */ = {
			isa = PBXSourcesBuildPhase;
			buildActionMask = 2147483647;
			files = (
				2A3594AD2A8BEFE800A45BD8 /* TogTjekTests.swift in Sources */,
			);
			runOnlyForDeploymentPostprocessing = 0;
		};
		2A3594AE2A8BEFE800A45BD8 /* Sources */ = {
			isa = PBXSourcesBuildPhase;
			buildActionMask = 2147483647;
			files = (
				2A3594B72A8BEFE800A45BD8 /* TogTjekUITests.swift in Sources */,
				2A3594B92A8BEFE800A45BD8 /* TogTjekUITestsLaunchTests.swift in Sources */,
			);
			runOnlyForDeploymentPostprocessing = 0;
		};
/* End PBXSourcesBuildPhase section */

/* Begin PBXTargetDependency section */
		2A3594AA2A8BEFE800A45BD8 /* PBXTargetDependency */ = {
			isa = PBXTargetDependency;
			target = 2A3594972A8BEFE500A45BD8 /* TogTjek */;
			targetProxy = 2A3594A92A8BEFE800A45BD8 /* PBXContainerItemProxy */;
		};
		2A3594B42A8BEFE800A45BD8 /* PBXTargetDependency */ = {
			isa = PBXTargetDependency;
			target = 2A3594972A8BEFE500A45BD8 /* TogTjek */;
			targetProxy = 2A3594B32A8BEFE800A45BD8 /* PBXContainerItemProxy */;
		};
/* End PBXTargetDependency section */

/* Begin XCBuildConfiguration section */
		2A3594BA2A8BEFE800A45BD8 /* Debug */ = {
			isa = XCBuildConfiguration;
			baseConfigurationReference = 2A3594D92A8C0C3B00A45BD8 /* debug.xcconfig */;
			buildSettings = {
				ALWAYS_SEARCH_USER_PATHS = NO;
				ASSETCATALOG_COMPILER_GENERATE_SWIFT_ASSET_SYMBOL_EXTENSIONS = YES;
				CLANG_ANALYZER_NONNULL = YES;
				CLANG_ANALYZER_NUMBER_OBJECT_CONVERSION = YES_AGGRESSIVE;
				CLANG_CXX_LANGUAGE_STANDARD = "gnu++20";
				CLANG_ENABLE_MODULES = YES;
				CLANG_ENABLE_OBJC_ARC = YES;
				CLANG_ENABLE_OBJC_WEAK = YES;
				CLANG_WARN_BLOCK_CAPTURE_AUTORELEASING = YES;
				CLANG_WARN_BOOL_CONVERSION = YES;
				CLANG_WARN_COMMA = YES;
				CLANG_WARN_CONSTANT_CONVERSION = YES;
				CLANG_WARN_DEPRECATED_OBJC_IMPLEMENTATIONS = YES;
				CLANG_WARN_DIRECT_OBJC_ISA_USAGE = YES_ERROR;
				CLANG_WARN_DOCUMENTATION_COMMENTS = YES;
				CLANG_WARN_EMPTY_BODY = YES;
				CLANG_WARN_ENUM_CONVERSION = YES;
				CLANG_WARN_INFINITE_RECURSION = YES;
				CLANG_WARN_INT_CONVERSION = YES;
				CLANG_WARN_NON_LITERAL_NULL_CONVERSION = YES;
				CLANG_WARN_OBJC_IMPLICIT_RETAIN_SELF = YES;
				CLANG_WARN_OBJC_LITERAL_CONVERSION = YES;
				CLANG_WARN_OBJC_ROOT_CLASS = YES_ERROR;
				CLANG_WARN_QUOTED_INCLUDE_IN_FRAMEWORK_HEADER = YES;
				CLANG_WARN_RANGE_LOOP_ANALYSIS = YES;
				CLANG_WARN_STRICT_PROTOTYPES = YES;
				CLANG_WARN_SUSPICIOUS_MOVE = YES;
				CLANG_WARN_UNGUARDED_AVAILABILITY = YES_AGGRESSIVE;
				CLANG_WARN_UNREACHABLE_CODE = YES;
				CLANG_WARN__DUPLICATE_METHOD_MATCH = YES;
				COPY_PHASE_STRIP = NO;
				DEBUG_INFORMATION_FORMAT = dwarf;
				ENABLE_STRICT_OBJC_MSGSEND = YES;
				ENABLE_TESTABILITY = YES;
				ENABLE_USER_SCRIPT_SANDBOXING = YES;
				GCC_C_LANGUAGE_STANDARD = gnu17;
				GCC_DYNAMIC_NO_PIC = NO;
				GCC_NO_COMMON_BLOCKS = YES;
				GCC_OPTIMIZATION_LEVEL = 0;
				GCC_PREPROCESSOR_DEFINITIONS = (
					"DEBUG=1",
					"$(inherited)",
				);
				GCC_WARN_64_TO_32_BIT_CONVERSION = YES;
				GCC_WARN_ABOUT_RETURN_TYPE = YES_ERROR;
				GCC_WARN_UNDECLARED_SELECTOR = YES;
				GCC_WARN_UNINITIALIZED_AUTOS = YES_AGGRESSIVE;
				GCC_WARN_UNUSED_FUNCTION = YES;
				GCC_WARN_UNUSED_VARIABLE = YES;
				IPHONEOS_DEPLOYMENT_TARGET = 17.0;
				LOCALIZATION_PREFERS_STRING_CATALOGS = YES;
				MTL_ENABLE_DEBUG_INFO = INCLUDE_SOURCE;
				MTL_FAST_MATH = YES;
				ONLY_ACTIVE_ARCH = YES;
				SDKROOT = iphoneos;
				SWIFT_ACTIVE_COMPILATION_CONDITIONS = "DEBUG $(inherited)";
				SWIFT_EMIT_LOC_STRINGS = YES;
				SWIFT_OPTIMIZATION_LEVEL = "-Onone";
			};
			name = Debug;
		};
		2A3594BB2A8BEFE800A45BD8 /* Release */ = {
			isa = XCBuildConfiguration;
			buildSettings = {
				ALWAYS_SEARCH_USER_PATHS = NO;
				ASSETCATALOG_COMPILER_GENERATE_SWIFT_ASSET_SYMBOL_EXTENSIONS = YES;
				CLANG_ANALYZER_NONNULL = YES;
				CLANG_ANALYZER_NUMBER_OBJECT_CONVERSION = YES_AGGRESSIVE;
				CLANG_CXX_LANGUAGE_STANDARD = "gnu++20";
				CLANG_ENABLE_MODULES = YES;
				CLANG_ENABLE_OBJC_ARC = YES;
				CLANG_ENABLE_OBJC_WEAK = YES;
				CLANG_WARN_BLOCK_CAPTURE_AUTORELEASING = YES;
				CLANG_WARN_BOOL_CONVERSION = YES;
				CLANG_WARN_COMMA = YES;
				CLANG_WARN_CONSTANT_CONVERSION = YES;
				CLANG_WARN_DEPRECATED_OBJC_IMPLEMENTATIONS = YES;
				CLANG_WARN_DIRECT_OBJC_ISA_USAGE = YES_ERROR;
				CLANG_WARN_DOCUMENTATION_COMMENTS = YES;
				CLANG_WARN_EMPTY_BODY = YES;
				CLANG_WARN_ENUM_CONVERSION = YES;
				CLANG_WARN_INFINITE_RECURSION = YES;
				CLANG_WARN_INT_CONVERSION = YES;
				CLANG_WARN_NON_LITERAL_NULL_CONVERSION = YES;
				CLANG_WARN_OBJC_IMPLICIT_RETAIN_SELF = YES;
				CLANG_WARN_OBJC_LITERAL_CONVERSION = YES;
				CLANG_WARN_OBJC_ROOT_CLASS = YES_ERROR;
				CLANG_WARN_QUOTED_INCLUDE_IN_FRAMEWORK_HEADER = YES;
				CLANG_WARN_RANGE_LOOP_ANALYSIS = YES;
				CLANG_WARN_STRICT_PROTOTYPES = YES;
				CLANG_WARN_SUSPICIOUS_MOVE = YES;
				CLANG_WARN_UNGUARDED_AVAILABILITY = YES_AGGRESSIVE;
				CLANG_WARN_UNREACHABLE_CODE = YES;
				CLANG_WARN__DUPLICATE_METHOD_MATCH = YES;
				COPY_PHASE_STRIP = NO;
				DEBUG_INFORMATION_FORMAT = "dwarf-with-dsym";
				ENABLE_NS_ASSERTIONS = NO;
				ENABLE_STRICT_OBJC_MSGSEND = YES;
				ENABLE_USER_SCRIPT_SANDBOXING = YES;
				GCC_C_LANGUAGE_STANDARD = gnu17;
				GCC_NO_COMMON_BLOCKS = YES;
				GCC_WARN_64_TO_32_BIT_CONVERSION = YES;
				GCC_WARN_ABOUT_RETURN_TYPE = YES_ERROR;
				GCC_WARN_UNDECLARED_SELECTOR = YES;
				GCC_WARN_UNINITIALIZED_AUTOS = YES_AGGRESSIVE;
				GCC_WARN_UNUSED_FUNCTION = YES;
				GCC_WARN_UNUSED_VARIABLE = YES;
				IPHONEOS_DEPLOYMENT_TARGET = 17.0;
				LOCALIZATION_PREFERS_STRING_CATALOGS = YES;
				MTL_ENABLE_DEBUG_INFO = NO;
				MTL_FAST_MATH = YES;
				SDKROOT = iphoneos;
				SWIFT_COMPILATION_MODE = wholemodule;
				SWIFT_EMIT_LOC_STRINGS = YES;
				VALIDATE_PRODUCT = YES;
			};
			name = Release;
		};
		2A3594BD2A8BEFE800A45BD8 /* Debug */ = {
			isa = XCBuildConfiguration;
			buildSettings = {
				ASSETCATALOG_COMPILER_APPICON_NAME = AppIcon;
				ASSETCATALOG_COMPILER_GLOBAL_ACCENT_COLOR_NAME = AccentColor;
				CODE_SIGN_STYLE = Automatic;
				CURRENT_PROJECT_VERSION = 1;
				DEVELOPMENT_ASSET_PATHS = "\"TogTjek/Preview Content\"";
				ENABLE_PREVIEWS = YES;
				GENERATE_INFOPLIST_FILE = YES;
				INFOPLIST_FILE = TogTjek/Info.plist;
				INFOPLIST_KEY_LSApplicationCategoryType = "public.app-category.travel";
				INFOPLIST_KEY_UIApplicationSceneManifest_Generation = YES;
				INFOPLIST_KEY_UIApplicationSupportsIndirectInputEvents = YES;
				INFOPLIST_KEY_UILaunchScreen_Generation = YES;
				INFOPLIST_KEY_UISupportedInterfaceOrientations_iPad = "UIInterfaceOrientationPortrait UIInterfaceOrientationPortraitUpsideDown UIInterfaceOrientationLandscapeLeft UIInterfaceOrientationLandscapeRight";
				INFOPLIST_KEY_UISupportedInterfaceOrientations_iPhone = "UIInterfaceOrientationPortrait UIInterfaceOrientationLandscapeLeft UIInterfaceOrientationLandscapeRight";
				LD_RUNPATH_SEARCH_PATHS = (
					"$(inherited)",
					"@executable_path/Frameworks",
				);
				MARKETING_VERSION = 1.0;
				PRODUCT_BUNDLE_IDENTIFIER = is.beef.TogTjek;
				PRODUCT_NAME = "$(TARGET_NAME)";
				SWIFT_EMIT_LOC_STRINGS = YES;
				SWIFT_VERSION = 5.0;
				TARGETED_DEVICE_FAMILY = "1,2";
			};
			name = Debug;
		};
		2A3594BE2A8BEFE800A45BD8 /* Release */ = {
			isa = XCBuildConfiguration;
			buildSettings = {
				ASSETCATALOG_COMPILER_APPICON_NAME = AppIcon;
				ASSETCATALOG_COMPILER_GLOBAL_ACCENT_COLOR_NAME = AccentColor;
				CODE_SIGN_STYLE = Automatic;
				CURRENT_PROJECT_VERSION = 1;
				DEVELOPMENT_ASSET_PATHS = "\"TogTjek/Preview Content\"";
				ENABLE_PREVIEWS = YES;
				GENERATE_INFOPLIST_FILE = YES;
				INFOPLIST_FILE = TogTjek/Info.plist;
				INFOPLIST_KEY_LSApplicationCategoryType = "public.app-category.travel";
				INFOPLIST_KEY_UIApplicationSceneManifest_Generation = YES;
				INFOPLIST_KEY_UIApplicationSupportsIndirectInputEvents = YES;
				INFOPLIST_KEY_UILaunchScreen_Generation = YES;
				INFOPLIST_KEY_UISupportedInterfaceOrientations_iPad = "UIInterfaceOrientationPortrait UIInterfaceOrientationPortraitUpsideDown UIInterfaceOrientationLandscapeLeft UIInterfaceOrientationLandscapeRight";
				INFOPLIST_KEY_UISupportedInterfaceOrientations_iPhone = "UIInterfaceOrientationPortrait UIInterfaceOrientationLandscapeLeft UIInterfaceOrientationLandscapeRight";
				LD_RUNPATH_SEARCH_PATHS = (
					"$(inherited)",
					"@executable_path/Frameworks",
				);
				MARKETING_VERSION = 1.0;
				PRODUCT_BUNDLE_IDENTIFIER = is.beef.TogTjek;
				PRODUCT_NAME = "$(TARGET_NAME)";
				SWIFT_EMIT_LOC_STRINGS = YES;
				SWIFT_VERSION = 5.0;
				TARGETED_DEVICE_FAMILY = "1,2";
			};
			name = Release;
		};
		2A3594C02A8BEFE800A45BD8 /* Debug */ = {
			isa = XCBuildConfiguration;
			buildSettings = {
				ALWAYS_EMBED_SWIFT_STANDARD_LIBRARIES = YES;
				BUNDLE_LOADER = "$(TEST_HOST)";
				CODE_SIGN_STYLE = Automatic;
				CURRENT_PROJECT_VERSION = 1;
				GENERATE_INFOPLIST_FILE = YES;
				IPHONEOS_DEPLOYMENT_TARGET = 17.0;
				MARKETING_VERSION = 1.0;
				PRODUCT_BUNDLE_IDENTIFIER = beef.TogTjekTests;
				PRODUCT_NAME = "$(TARGET_NAME)";
				SWIFT_EMIT_LOC_STRINGS = NO;
				SWIFT_VERSION = 5.0;
				TARGETED_DEVICE_FAMILY = "1,2";
				TEST_HOST = "$(BUILT_PRODUCTS_DIR)/TogTjek.app/$(BUNDLE_EXECUTABLE_FOLDER_PATH)/TogTjek";
			};
			name = Debug;
		};
		2A3594C12A8BEFE800A45BD8 /* Release */ = {
			isa = XCBuildConfiguration;
			buildSettings = {
				ALWAYS_EMBED_SWIFT_STANDARD_LIBRARIES = YES;
				BUNDLE_LOADER = "$(TEST_HOST)";
				CODE_SIGN_STYLE = Automatic;
				CURRENT_PROJECT_VERSION = 1;
				GENERATE_INFOPLIST_FILE = YES;
				IPHONEOS_DEPLOYMENT_TARGET = 17.0;
				MARKETING_VERSION = 1.0;
				PRODUCT_BUNDLE_IDENTIFIER = beef.TogTjekTests;
				PRODUCT_NAME = "$(TARGET_NAME)";
				SWIFT_EMIT_LOC_STRINGS = NO;
				SWIFT_VERSION = 5.0;
				TARGETED_DEVICE_FAMILY = "1,2";
				TEST_HOST = "$(BUILT_PRODUCTS_DIR)/TogTjek.app/$(BUNDLE_EXECUTABLE_FOLDER_PATH)/TogTjek";
			};
			name = Release;
		};
		2A3594C32A8BEFE800A45BD8 /* Debug */ = {
			isa = XCBuildConfiguration;
			buildSettings = {
				ALWAYS_EMBED_SWIFT_STANDARD_LIBRARIES = YES;
				CODE_SIGN_STYLE = Automatic;
				CURRENT_PROJECT_VERSION = 1;
				GENERATE_INFOPLIST_FILE = YES;
				MARKETING_VERSION = 1.0;
				PRODUCT_BUNDLE_IDENTIFIER = beef.TogTjekUITests;
				PRODUCT_NAME = "$(TARGET_NAME)";
				SWIFT_EMIT_LOC_STRINGS = NO;
				SWIFT_VERSION = 5.0;
				TARGETED_DEVICE_FAMILY = "1,2";
				TEST_TARGET_NAME = TogTjek;
			};
			name = Debug;
		};
		2A3594C42A8BEFE800A45BD8 /* Release */ = {
			isa = XCBuildConfiguration;
			buildSettings = {
				ALWAYS_EMBED_SWIFT_STANDARD_LIBRARIES = YES;
				CODE_SIGN_STYLE = Automatic;
				CURRENT_PROJECT_VERSION = 1;
				GENERATE_INFOPLIST_FILE = YES;
				MARKETING_VERSION = 1.0;
				PRODUCT_BUNDLE_IDENTIFIER = beef.TogTjekUITests;
				PRODUCT_NAME = "$(TARGET_NAME)";
				SWIFT_EMIT_LOC_STRINGS = NO;
				SWIFT_VERSION = 5.0;
				TARGETED_DEVICE_FAMILY = "1,2";
				TEST_TARGET_NAME = TogTjek;
			};
			name = Release;
		};
/* End XCBuildConfiguration section */

/* Begin XCConfigurationList section */
		2A3594932A8BEFE500A45BD8 /* Build configuration list for PBXProject "TogTjek" */ = {
			isa = XCConfigurationList;
			buildConfigurations = (
				2A3594BA2A8BEFE800A45BD8 /* Debug */,
				2A3594BB2A8BEFE800A45BD8 /* Release */,
			);
			defaultConfigurationIsVisible = 0;
			defaultConfigurationName = Release;
		};
		2A3594BC2A8BEFE800A45BD8 /* Build configuration list for PBXNativeTarget "TogTjek" */ = {
			isa = XCConfigurationList;
			buildConfigurations = (
				2A3594BD2A8BEFE800A45BD8 /* Debug */,
				2A3594BE2A8BEFE800A45BD8 /* Release */,
			);
			defaultConfigurationIsVisible = 0;
			defaultConfigurationName = Release;
		};
		2A3594BF2A8BEFE800A45BD8 /* Build configuration list for PBXNativeTarget "TogTjekTests" */ = {
			isa = XCConfigurationList;
			buildConfigurations = (
				2A3594C02A8BEFE800A45BD8 /* Debug */,
				2A3594C12A8BEFE800A45BD8 /* Release */,
			);
			defaultConfigurationIsVisible = 0;
			defaultConfigurationName = Release;
		};
		2A3594C22A8BEFE800A45BD8 /* Build configuration list for PBXNativeTarget "TogTjekUITests" */ = {
			isa = XCConfigurationList;
			buildConfigurations = (
				2A3594C32A8BEFE800A45BD8 /* Debug */,
				2A3594C42A8BEFE800A45BD8 /* Release */,
			);
			defaultConfigurationIsVisible = 0;
			defaultConfigurationName = Release;
		};
/* End XCConfigurationList section */
	};
	rootObject = 2A3594902A8BEFE500A45BD8 /* Project object */;
}
